// !$*UTF8*$!
{
	archiveVersion = 1;
	classes = {
	};
	objectVersion = 46;
	objects = {

/* Begin PBXBuildFile section */
		33C98B031E2B5EC700F76E34 /* main.m in Sources */ = {isa = PBXBuildFile; fileRef = 33C98B021E2B5EC700F76E34 /* main.m */; };
		33C98B061E2B5EC700F76E34 /* AppDelegate.m in Sources */ = {isa = PBXBuildFile; fileRef = 33C98B051E2B5EC700F76E34 /* AppDelegate.m */; };
		33C98B0E1E2B5EC700F76E34 /* Assets.xcassets in Resources */ = {isa = PBXBuildFile; fileRef = 33C98B0D1E2B5EC700F76E34 /* Assets.xcassets */; };
		33C98B9B1E2B5F5100F76E34 /* WebKit.framework in Frameworks */ = {isa = PBXBuildFile; fileRef = 33C98B9A1E2B5F5100F76E34 /* WebKit.framework */; };
		33C98B9D1E2B5F6000F76E34 /* libz.tbd in Frameworks */ = {isa = PBXBuildFile; fileRef = 33C98B9C1E2B5F6000F76E34 /* libz.tbd */; };
		33C98B9F1E2B5F6B00F76E34 /* libicucore.tbd in Frameworks */ = {isa = PBXBuildFile; fileRef = 33C98B9E1E2B5F6B00F76E34 /* libicucore.tbd */; };
		33C98BA11E2B5F7500F76E34 /* libstdc++.tbd in Frameworks */ = {isa = PBXBuildFile; fileRef = 33C98BA01E2B5F7500F76E34 /* libstdc++.tbd */; };
		33C98BE81E2B603300F76E34 /* libiconv.tbd in Frameworks */ = {isa = PBXBuildFile; fileRef = 33C98BE71E2B603300F76E34 /* libiconv.tbd */; };
		33C98BEA1E2B60B600F76E34 /* widget in Resources */ = {isa = PBXBuildFile; fileRef = 33C98BE91E2B60B600F76E34 /* widget */; };
		33CC129A1E2B66A200F1BC7B /* ViewController.m in Sources */ = {isa = PBXBuildFile; fileRef = 33CC12991E2B66A200F1BC7B /* ViewController.m */; };
		33E36B7E1E6D06A40028F0B5 /* APICloud.a in Frameworks */ = {isa = PBXBuildFile; fileRef = 33E36B6E1E6D06A40028F0B5 /* APICloud.a */; };
		33E36B901E6D06BA0028F0B5 /* arcProgress.a in Frameworks */ = {isa = PBXBuildFile; fileRef = 33E36B7F1E6D06BA0028F0B5 /* arcProgress.a */; };
		33E36B911E6D06BA0028F0B5 /* FNScanner.a in Frameworks */ = {isa = PBXBuildFile; fileRef = 33E36B801E6D06BA0028F0B5 /* FNScanner.a */; };
		33E36B921E6D06BA0028F0B5 /* GizWifiSDK.a in Frameworks */ = {isa = PBXBuildFile; fileRef = 33E36B811E6D06BA0028F0B5 /* GizWifiSDK.a */; };
		33E36B931E6D06BA0028F0B5 /* libAPICloud-GizWifiSDK.a in Frameworks */ = {isa = PBXBuildFile; fileRef = 33E36B821E6D06BA0028F0B5 /* libAPICloud-GizWifiSDK.a */; };
		33E36B941E6D06BA0028F0B5 /* libBarCode.a in Frameworks */ = {isa = PBXBuildFile; fileRef = 33E36B831E6D06BA0028F0B5 /* libBarCode.a */; };
		33E36B951E6D06BA0028F0B5 /* libBLEasyConfig.a in Frameworks */ = {isa = PBXBuildFile; fileRef = 33E36B841E6D06BA0028F0B5 /* libBLEasyConfig.a */; };
		33E36B961E6D06BA0028F0B5 /* libcrypto.a in Frameworks */ = {isa = PBXBuildFile; fileRef = 33E36B851E6D06BA0028F0B5 /* libcrypto.a */; };
		33E36B971E6D06BB0028F0B5 /* libEasyLink.a in Frameworks */ = {isa = PBXBuildFile; fileRef = 33E36B861E6D06BA0028F0B5 /* libEasyLink.a */; };
		33E36B981E6D06BB0028F0B5 /* libEsptouch_v0.3.5.2.a in Frameworks */ = {isa = PBXBuildFile; fileRef = 33E36B871E6D06BA0028F0B5 /* libEsptouch_v0.3.5.2.a */; };
		33E36B991E6D06BB0028F0B5 /* libLibSimpleConfig.a in Frameworks */ = {isa = PBXBuildFile; fileRef = 33E36B881E6D06BA0028F0B5 /* libLibSimpleConfig.a */; };
		33E36B9A1E6D06BB0028F0B5 /* libminizip.a in Frameworks */ = {isa = PBXBuildFile; fileRef = 33E36B891E6D06BA0028F0B5 /* libminizip.a */; };
		33E36B9B1E6D06BB0028F0B5 /* libopencore-amrnb.a in Frameworks */ = {isa = PBXBuildFile; fileRef = 33E36B8A1E6D06BA0028F0B5 /* libopencore-amrnb.a */; };
		33E36B9C1E6D06BB0028F0B5 /* libopencore-amrwb.a in Frameworks */ = {isa = PBXBuildFile; fileRef = 33E36B8B1E6D06BA0028F0B5 /* libopencore-amrwb.a */; };
		33E36B9D1E6D06BB0028F0B5 /* libssl.a in Frameworks */ = {isa = PBXBuildFile; fileRef = 33E36B8C1E6D06BA0028F0B5 /* libssl.a */; };
		33E36B9E1E6D06BB0028F0B5 /* libWMOneShotConfig.a in Frameworks */ = {isa = PBXBuildFile; fileRef = 33E36B8D1E6D06BA0028F0B5 /* libWMOneShotConfig.a */; };
		33E36B9F1E6D06BB0028F0B5 /* libzbar.a in Frameworks */ = {isa = PBXBuildFile; fileRef = 33E36B8E1E6D06BA0028F0B5 /* libzbar.a */; };
		33E36BA01E6D06BB0028F0B5 /* mam.a in Frameworks */ = {isa = PBXBuildFile; fileRef = 33E36B8F1E6D06BA0028F0B5 /* mam.a */; };
		33E36BA41E6D06C20028F0B5 /* res_FNScanner in Resources */ = {isa = PBXBuildFile; fileRef = 33E36BA11E6D06C20028F0B5 /* res_FNScanner */; };
		33E36BA51E6D06C20028F0B5 /* res_mam in Resources */ = {isa = PBXBuildFile; fileRef = 33E36BA21E6D06C20028F0B5 /* res_mam */; };
		33E36BA61E6D06C20028F0B5 /* uz in Resources */ = {isa = PBXBuildFile; fileRef = 33E36BA31E6D06C20028F0B5 /* uz */; };
		33E36BA81E6D06D40028F0B5 /* Info.plist in Resources */ = {isa = PBXBuildFile; fileRef = 33E36BA71E6D06D40028F0B5 /* Info.plist */; };
/* End PBXBuildFile section */

/* Begin PBXFileReference section */
		33C98AFE1E2B5EC700F76E34 /* Gokit.app */ = {isa = PBXFileReference; explicitFileType = wrapper.application; includeInIndex = 0; path = Gokit.app; sourceTree = BUILT_PRODUCTS_DIR; };
		33C98B021E2B5EC700F76E34 /* main.m */ = {isa = PBXFileReference; lastKnownFileType = sourcecode.c.objc; path = main.m; sourceTree = "<group>"; };
		33C98B041E2B5EC700F76E34 /* AppDelegate.h */ = {isa = PBXFileReference; lastKnownFileType = sourcecode.c.h; path = AppDelegate.h; sourceTree = "<group>"; };
		33C98B051E2B5EC700F76E34 /* AppDelegate.m */ = {isa = PBXFileReference; lastKnownFileType = sourcecode.c.objc; path = AppDelegate.m; sourceTree = "<group>"; };
		33C98B0D1E2B5EC700F76E34 /* Assets.xcassets */ = {isa = PBXFileReference; lastKnownFileType = folder.assetcatalog; path = Assets.xcassets; sourceTree = "<group>"; };
		33C98B121E2B5EC700F76E34 /* Info.plist */ = {isa = PBXFileReference; lastKnownFileType = text.plist.xml; path = Info.plist; sourceTree = "<group>"; };
		33C98B9A1E2B5F5100F76E34 /* WebKit.framework */ = {isa = PBXFileReference; lastKnownFileType = wrapper.framework; name = WebKit.framework; path = System/Library/Frameworks/WebKit.framework; sourceTree = SDKROOT; };
		33C98B9C1E2B5F6000F76E34 /* libz.tbd */ = {isa = PBXFileReference; lastKnownFileType = "sourcecode.text-based-dylib-definition"; name = libz.tbd; path = usr/lib/libz.tbd; sourceTree = SDKROOT; };
		33C98B9E1E2B5F6B00F76E34 /* libicucore.tbd */ = {isa = PBXFileReference; lastKnownFileType = "sourcecode.text-based-dylib-definition"; name = libicucore.tbd; path = usr/lib/libicucore.tbd; sourceTree = SDKROOT; };
		33C98BA01E2B5F7500F76E34 /* libstdc++.tbd */ = {isa = PBXFileReference; lastKnownFileType = "sourcecode.text-based-dylib-definition"; name = "libstdc++.tbd"; path = "usr/lib/libstdc++.tbd"; sourceTree = SDKROOT; };
		33C98BE71E2B603300F76E34 /* libiconv.tbd */ = {isa = PBXFileReference; lastKnownFileType = "sourcecode.text-based-dylib-definition"; name = libiconv.tbd; path = usr/lib/libiconv.tbd; sourceTree = SDKROOT; };
		33C98BE91E2B60B600F76E34 /* widget */ = {isa = PBXFileReference; lastKnownFileType = folder; path = widget; sourceTree = "<group>"; };
		33CC12981E2B66A200F1BC7B /* ViewController.h */ = {isa = PBXFileReference; fileEncoding = 4; lastKnownFileType = sourcecode.c.h; path = ViewController.h; sourceTree = "<group>"; };
		33CC12991E2B66A200F1BC7B /* ViewController.m */ = {isa = PBXFileReference; fileEncoding = 4; lastKnownFileType = sourcecode.c.objc; path = ViewController.m; sourceTree = "<group>"; };
		33E36B6E1E6D06A40028F0B5 /* APICloud.a */ = {isa = PBXFileReference; lastKnownFileType = archive.ar; path = APICloud.a; sourceTree = "<group>"; };
		33E36B6F1E6D06A40028F0B5 /* APIEvent.h */ = {isa = PBXFileReference; fileEncoding = 4; lastKnownFileType = sourcecode.c.h; path = APIEvent.h; sourceTree = "<group>"; };
		33E36B701E6D06A40028F0B5 /* APIExport.h */ = {isa = PBXFileReference; fileEncoding = 4; lastKnownFileType = sourcecode.c.h; path = APIExport.h; sourceTree = "<group>"; };
		33E36B721E6D06A40028F0B5 /* NSDictionaryUtils.h */ = {isa = PBXFileReference; fileEncoding = 4; lastKnownFileType = sourcecode.c.h; path = NSDictionaryUtils.h; sourceTree = "<group>"; };
		33E36B731E6D06A40028F0B5 /* UZAppDelegate.h */ = {isa = PBXFileReference; fileEncoding = 4; lastKnownFileType = sourcecode.c.h; path = UZAppDelegate.h; sourceTree = "<group>"; };
		33E36B741E6D06A40028F0B5 /* UZAppUtils.h */ = {isa = PBXFileReference; fileEncoding = 4; lastKnownFileType = sourcecode.c.h; path = UZAppUtils.h; sourceTree = "<group>"; };
		33E36B751E6D06A40028F0B5 /* UZModule.h */ = {isa = PBXFileReference; fileEncoding = 4; lastKnownFileType = sourcecode.c.h; path = UZModule.h; sourceTree = "<group>"; };
		33E36B761E6D06A40028F0B5 /* APIManager.h */ = {isa = PBXFileReference; fileEncoding = 4; lastKnownFileType = sourcecode.c.h; path = APIManager.h; sourceTree = "<group>"; };
		33E36B771E6D06A40028F0B5 /* APIModuleMethod.h */ = {isa = PBXFileReference; fileEncoding = 4; lastKnownFileType = sourcecode.c.h; path = APIModuleMethod.h; sourceTree = "<group>"; };
		33E36B781E6D06A40028F0B5 /* APIScriptMessage.h */ = {isa = PBXFileReference; fileEncoding = 4; lastKnownFileType = sourcecode.c.h; path = APIScriptMessage.h; sourceTree = "<group>"; };
		33E36B791E6D06A40028F0B5 /* APIUpdateManager.h */ = {isa = PBXFileReference; fileEncoding = 4; lastKnownFileType = sourcecode.c.h; path = APIUpdateManager.h; sourceTree = "<group>"; };
		33E36B7A1E6D06A40028F0B5 /* APIWebView.h */ = {isa = PBXFileReference; fileEncoding = 4; lastKnownFileType = sourcecode.c.h; path = APIWebView.h; sourceTree = "<group>"; };
		33E36B7B1E6D06A40028F0B5 /* APIWidgetContainer.h */ = {isa = PBXFileReference; fileEncoding = 4; lastKnownFileType = sourcecode.c.h; path = APIWidgetContainer.h; sourceTree = "<group>"; };
		33E36B7C1E6D06A40028F0B5 /* APIWindowContainer.h */ = {isa = PBXFileReference; fileEncoding = 4; lastKnownFileType = sourcecode.c.h; path = APIWindowContainer.h; sourceTree = "<group>"; };
		33E36B7D1E6D06A40028F0B5 /* UZWebViewProtocol.h */ = {isa = PBXFileReference; fileEncoding = 4; lastKnownFileType = sourcecode.c.h; path = UZWebViewProtocol.h; sourceTree = "<group>"; };
		33E36B7F1E6D06BA0028F0B5 /* arcProgress.a */ = {isa = PBXFileReference; lastKnownFileType = archive.ar; path = arcProgress.a; sourceTree = "<group>"; };
		33E36B801E6D06BA0028F0B5 /* FNScanner.a */ = {isa = PBXFileReference; lastKnownFileType = archive.ar; path = FNScanner.a; sourceTree = "<group>"; };
		33E36B811E6D06BA0028F0B5 /* GizWifiSDK.a */ = {isa = PBXFileReference; lastKnownFileType = archive.ar; path = GizWifiSDK.a; sourceTree = "<group>"; };
		33E36B821E6D06BA0028F0B5 /* libAPICloud-GizWifiSDK.a */ = {isa = PBXFileReference; lastKnownFileType = archive.ar; path = "libAPICloud-GizWifiSDK.a"; sourceTree = "<group>"; };
		33E36B831E6D06BA0028F0B5 /* libBarCode.a */ = {isa = PBXFileReference; lastKnownFileType = archive.ar; path = libBarCode.a; sourceTree = "<group>"; };
		33E36B841E6D06BA0028F0B5 /* libBLEasyConfig.a */ = {isa = PBXFileReference; lastKnownFileType = archive.ar; path = libBLEasyConfig.a; sourceTree = "<group>"; };
		33E36B851E6D06BA0028F0B5 /* libcrypto.a */ = {isa = PBXFileReference; lastKnownFileType = archive.ar; path = libcrypto.a; sourceTree = "<group>"; };
		33E36B861E6D06BA0028F0B5 /* libEasyLink.a */ = {isa = PBXFileReference; lastKnownFileType = archive.ar; path = libEasyLink.a; sourceTree = "<group>"; };
		33E36B871E6D06BA0028F0B5 /* libEsptouch_v0.3.5.2.a */ = {isa = PBXFileReference; lastKnownFileType = archive.ar; path = libEsptouch_v0.3.5.2.a; sourceTree = "<group>"; };
		33E36B881E6D06BA0028F0B5 /* libLibSimpleConfig.a */ = {isa = PBXFileReference; lastKnownFileType = archive.ar; path = libLibSimpleConfig.a; sourceTree = "<group>"; };
		33E36B891E6D06BA0028F0B5 /* libminizip.a */ = {isa = PBXFileReference; lastKnownFileType = archive.ar; path = libminizip.a; sourceTree = "<group>"; };
		33E36B8A1E6D06BA0028F0B5 /* libopencore-amrnb.a */ = {isa = PBXFileReference; lastKnownFileType = archive.ar; path = "libopencore-amrnb.a"; sourceTree = "<group>"; };
		33E36B8B1E6D06BA0028F0B5 /* libopencore-amrwb.a */ = {isa = PBXFileReference; lastKnownFileType = archive.ar; path = "libopencore-amrwb.a"; sourceTree = "<group>"; };
		33E36B8C1E6D06BA0028F0B5 /* libssl.a */ = {isa = PBXFileReference; lastKnownFileType = archive.ar; path = libssl.a; sourceTree = "<group>"; };
		33E36B8D1E6D06BA0028F0B5 /* libWMOneShotConfig.a */ = {isa = PBXFileReference; lastKnownFileType = archive.ar; path = libWMOneShotConfig.a; sourceTree = "<group>"; };
		33E36B8E1E6D06BA0028F0B5 /* libzbar.a */ = {isa = PBXFileReference; lastKnownFileType = archive.ar; path = libzbar.a; sourceTree = "<group>"; };
		33E36B8F1E6D06BA0028F0B5 /* mam.a */ = {isa = PBXFileReference; lastKnownFileType = archive.ar; path = mam.a; sourceTree = "<group>"; };
		33E36BA11E6D06C20028F0B5 /* res_FNScanner */ = {isa = PBXFileReference; lastKnownFileType = folder; path = res_FNScanner; sourceTree = "<group>"; };
		33E36BA21E6D06C20028F0B5 /* res_mam */ = {isa = PBXFileReference; lastKnownFileType = folder; path = res_mam; sourceTree = "<group>"; };
		33E36BA31E6D06C20028F0B5 /* uz */ = {isa = PBXFileReference; lastKnownFileType = folder; path = uz; sourceTree = "<group>"; };
		33E36BA71E6D06D40028F0B5 /* Info.plist */ = {isa = PBXFileReference; fileEncoding = 4; lastKnownFileType = text.plist.xml; path = Info.plist; sourceTree = "<group>"; };
/* End PBXFileReference section */

/* Begin PBXFrameworksBuildPhase section */
		33C98AFB1E2B5EC700F76E34 /* Frameworks */ = {
			isa = PBXFrameworksBuildPhase;
			buildActionMask = 2147483647;
			files = (
				33E36B9D1E6D06BB0028F0B5 /* libssl.a in Frameworks */,
				33E36B9E1E6D06BB0028F0B5 /* libWMOneShotConfig.a in Frameworks */,
				33E36B911E6D06BA0028F0B5 /* FNScanner.a in Frameworks */,
				33E36B991E6D06BB0028F0B5 /* libLibSimpleConfig.a in Frameworks */,
				33E36B7E1E6D06A40028F0B5 /* APICloud.a in Frameworks */,
				33C98BE81E2B603300F76E34 /* libiconv.tbd in Frameworks */,
				33E36B941E6D06BA0028F0B5 /* libBarCode.a in Frameworks */,
				33E36B9A1E6D06BB0028F0B5 /* libminizip.a in Frameworks */,
				33E36B931E6D06BA0028F0B5 /* libAPICloud-GizWifiSDK.a in Frameworks */,
				33E36B9C1E6D06BB0028F0B5 /* libopencore-amrwb.a in Frameworks */,
				33C98BA11E2B5F7500F76E34 /* libstdc++.tbd in Frameworks */,
				33E36BA01E6D06BB0028F0B5 /* mam.a in Frameworks */,
				33E36B921E6D06BA0028F0B5 /* GizWifiSDK.a in Frameworks */,
				33E36B901E6D06BA0028F0B5 /* arcProgress.a in Frameworks */,
				33C98B9F1E2B5F6B00F76E34 /* libicucore.tbd in Frameworks */,
				33E36B971E6D06BB0028F0B5 /* libEasyLink.a in Frameworks */,
				33E36B951E6D06BA0028F0B5 /* libBLEasyConfig.a in Frameworks */,
				33E36B9B1E6D06BB0028F0B5 /* libopencore-amrnb.a in Frameworks */,
				33E36B981E6D06BB0028F0B5 /* libEsptouch_v0.3.5.2.a in Frameworks */,
				33E36B961E6D06BA0028F0B5 /* libcrypto.a in Frameworks */,
				33C98B9D1E2B5F6000F76E34 /* libz.tbd in Frameworks */,
				33E36B9F1E6D06BB0028F0B5 /* libzbar.a in Frameworks */,
				33C98B9B1E2B5F5100F76E34 /* WebKit.framework in Frameworks */,
			);
			runOnlyForDeploymentPostprocessing = 0;
		};
/* End PBXFrameworksBuildPhase section */

/* Begin PBXGroup section */
		33C98AF51E2B5EC600F76E34 = {
			isa = PBXGroup;
			children = (
				33C98B001E2B5EC700F76E34 /* Gokit */,
				33C98AFF1E2B5EC700F76E34 /* Products */,
				33C98B991E2B5F5100F76E34 /* Frameworks */,
			);
			sourceTree = "<group>";
		};
		33C98AFF1E2B5EC700F76E34 /* Products */ = {
			isa = PBXGroup;
			children = (
				33C98AFE1E2B5EC700F76E34 /* Gokit.app */,
			);
			name = Products;
			sourceTree = "<group>";
		};
		33C98B001E2B5EC700F76E34 /* Gokit */ = {
			isa = PBXGroup;
			children = (
				33E36B6B1E6D069C0028F0B5 /* lib */,
				33C98B041E2B5EC700F76E34 /* AppDelegate.h */,
				33C98B051E2B5EC700F76E34 /* AppDelegate.m */,
				33CC12981E2B66A200F1BC7B /* ViewController.h */,
				33CC12991E2B66A200F1BC7B /* ViewController.m */,
				33C98BE91E2B60B600F76E34 /* widget */,
				33C98B0D1E2B5EC700F76E34 /* Assets.xcassets */,
				33C98B121E2B5EC700F76E34 /* Info.plist */,
				33C98B011E2B5EC700F76E34 /* Supporting Files */,
			);
			path = Gokit;
			sourceTree = "<group>";
		};
		33C98B011E2B5EC700F76E34 /* Supporting Files */ = {
			isa = PBXGroup;
			children = (
				33C98B021E2B5EC700F76E34 /* main.m */,
			);
			name = "Supporting Files";
			sourceTree = "<group>";
		};
		33C98B991E2B5F5100F76E34 /* Frameworks */ = {
			isa = PBXGroup;
			children = (
				33C98BE71E2B603300F76E34 /* libiconv.tbd */,
				33C98BA01E2B5F7500F76E34 /* libstdc++.tbd */,
				33C98B9E1E2B5F6B00F76E34 /* libicucore.tbd */,
				33C98B9C1E2B5F6000F76E34 /* libz.tbd */,
				33C98B9A1E2B5F5100F76E34 /* WebKit.framework */,
			);
			name = Frameworks;
			sourceTree = "<group>";
		};
		33E36B6B1E6D069C0028F0B5 /* lib */ = {
			isa = PBXGroup;
			children = (
				33E36BA71E6D06D40028F0B5 /* Info.plist */,
				33E36B6D1E6D06A40028F0B5 /* Engine */,
				33E36B6C1E6D069C0028F0B5 /* Modules */,
			);
			path = lib;
			sourceTree = "<group>";
		};
		33E36B6C1E6D069C0028F0B5 /* Modules */ = {
			isa = PBXGroup;
			children = (
				33E36B7F1E6D06BA0028F0B5 /* arcProgress.a */,
				33E36B801E6D06BA0028F0B5 /* FNScanner.a */,
				33E36B811E6D06BA0028F0B5 /* GizWifiSDK.a */,
				33E36B821E6D06BA0028F0B5 /* libAPICloud-GizWifiSDK.a */,
				33E36B831E6D06BA0028F0B5 /* libBarCode.a */,
				33E36B841E6D06BA0028F0B5 /* libBLEasyConfig.a */,
				33E36B851E6D06BA0028F0B5 /* libcrypto.a */,
				33E36B861E6D06BA0028F0B5 /* libEasyLink.a */,
				33E36B871E6D06BA0028F0B5 /* libEsptouch_v0.3.5.2.a */,
				33E36B881E6D06BA0028F0B5 /* libLibSimpleConfig.a */,
				33E36B891E6D06BA0028F0B5 /* libminizip.a */,
				33E36B8A1E6D06BA0028F0B5 /* libopencore-amrnb.a */,
				33E36B8B1E6D06BA0028F0B5 /* libopencore-amrwb.a */,
				33E36B8C1E6D06BA0028F0B5 /* libssl.a */,
				33E36B8D1E6D06BA0028F0B5 /* libWMOneShotConfig.a */,
				33E36B8E1E6D06BA0028F0B5 /* libzbar.a */,
				33E36B8F1E6D06BA0028F0B5 /* mam.a */,
				33E36BA11E6D06C20028F0B5 /* res_FNScanner */,
				33E36BA21E6D06C20028F0B5 /* res_mam */,
				33E36BA31E6D06C20028F0B5 /* uz */,
			);
			path = Modules;
			sourceTree = "<group>";
		};
		33E36B6D1E6D06A40028F0B5 /* Engine */ = {
			isa = PBXGroup;
			children = (
				33E36B6E1E6D06A40028F0B5 /* APICloud.a */,
				33E36B6F1E6D06A40028F0B5 /* APIEvent.h */,
				33E36B701E6D06A40028F0B5 /* APIExport.h */,
				33E36B711E6D06A40028F0B5 /* APIKit */,
				33E36B761E6D06A40028F0B5 /* APIManager.h */,
				33E36B771E6D06A40028F0B5 /* APIModuleMethod.h */,
				33E36B781E6D06A40028F0B5 /* APIScriptMessage.h */,
				33E36B791E6D06A40028F0B5 /* APIUpdateManager.h */,
				33E36B7A1E6D06A40028F0B5 /* APIWebView.h */,
				33E36B7B1E6D06A40028F0B5 /* APIWidgetContainer.h */,
				33E36B7C1E6D06A40028F0B5 /* APIWindowContainer.h */,
				33E36B7D1E6D06A40028F0B5 /* UZWebViewProtocol.h */,
			);
			path = Engine;
			sourceTree = "<group>";
		};
		33E36B711E6D06A40028F0B5 /* APIKit */ = {
			isa = PBXGroup;
			children = (
				33E36B721E6D06A40028F0B5 /* NSDictionaryUtils.h */,
				33E36B731E6D06A40028F0B5 /* UZAppDelegate.h */,
				33E36B741E6D06A40028F0B5 /* UZAppUtils.h */,
				33E36B751E6D06A40028F0B5 /* UZModule.h */,
			);
			path = APIKit;
			sourceTree = "<group>";
		};
/* End PBXGroup section */

/* Begin PBXNativeTarget section */
		33C98AFD1E2B5EC700F76E34 /* Gokit */ = {
			isa = PBXNativeTarget;
			buildConfigurationList = 33C98B151E2B5EC700F76E34 /* Build configuration list for PBXNativeTarget "Gokit" */;
			buildPhases = (
				33C98AFA1E2B5EC700F76E34 /* Sources */,
				33C98AFB1E2B5EC700F76E34 /* Frameworks */,
				33C98AFC1E2B5EC700F76E34 /* Resources */,
			);
			buildRules = (
			);
			dependencies = (
			);
			name = Gokit;
			productName = Gokit;
			productReference = 33C98AFE1E2B5EC700F76E34 /* Gokit.app */;
			productType = "com.apple.product-type.application";
		};
/* End PBXNativeTarget section */

/* Begin PBXProject section */
		33C98AF61E2B5EC600F76E34 /* Project object */ = {
			isa = PBXProject;
			attributes = {
				LastUpgradeCheck = 0820;
				ORGANIZATIONNAME = gizwits;
				TargetAttributes = {
					33C98AFD1E2B5EC700F76E34 = {
						CreatedOnToolsVersion = 8.2;
						DevelopmentTeam = 4X78T389EK;
						ProvisioningStyle = Automatic;
						SystemCapabilities = {
							com.apple.Push = {
								enabled = 0;
							};
						};
					};
				};
			};
			buildConfigurationList = 33C98AF91E2B5EC600F76E34 /* Build configuration list for PBXProject "Gokit" */;
			compatibilityVersion = "Xcode 3.2";
			developmentRegion = English;
			hasScannedForEncodings = 0;
			knownRegions = (
				en,
				Base,
			);
			mainGroup = 33C98AF51E2B5EC600F76E34;
			productRefGroup = 33C98AFF1E2B5EC700F76E34 /* Products */;
			projectDirPath = "";
			projectRoot = "";
			targets = (
				33C98AFD1E2B5EC700F76E34 /* Gokit */,
			);
		};
/* End PBXProject section */

/* Begin PBXResourcesBuildPhase section */
		33C98AFC1E2B5EC700F76E34 /* Resources */ = {
			isa = PBXResourcesBuildPhase;
			buildActionMask = 2147483647;
			files = (
				33E36BA61E6D06C20028F0B5 /* uz in Resources */,
				33C98BEA1E2B60B600F76E34 /* widget in Resources */,
				33E36BA81E6D06D40028F0B5 /* Info.plist in Resources */,
				33C98B0E1E2B5EC700F76E34 /* Assets.xcassets in Resources */,
				33E36BA41E6D06C20028F0B5 /* res_FNScanner in Resources */,
				33E36BA51E6D06C20028F0B5 /* res_mam in Resources */,
			);
			runOnlyForDeploymentPostprocessing = 0;
		};
/* End PBXResourcesBuildPhase section */

/* Begin PBXSourcesBuildPhase section */
		33C98AFA1E2B5EC700F76E34 /* Sources */ = {
			isa = PBXSourcesBuildPhase;
			buildActionMask = 2147483647;
			files = (
				33CC129A1E2B66A200F1BC7B /* ViewController.m in Sources */,
				33C98B061E2B5EC700F76E34 /* AppDelegate.m in Sources */,
				33C98B031E2B5EC700F76E34 /* main.m in Sources */,
			);
			runOnlyForDeploymentPostprocessing = 0;
		};
/* End PBXSourcesBuildPhase section */

/* Begin XCBuildConfiguration section */
		33C98B131E2B5EC700F76E34 /* Debug */ = {
			isa = XCBuildConfiguration;
			buildSettings = {
				ALWAYS_SEARCH_USER_PATHS = NO;
				CLANG_ANALYZER_NONNULL = YES;
				CLANG_CXX_LANGUAGE_STANDARD = "gnu++0x";
				CLANG_CXX_LIBRARY = "libc++";
				CLANG_ENABLE_MODULES = YES;
				CLANG_ENABLE_OBJC_ARC = YES;
				CLANG_WARN_BOOL_CONVERSION = YES;
				CLANG_WARN_CONSTANT_CONVERSION = YES;
				CLANG_WARN_DIRECT_OBJC_ISA_USAGE = YES_ERROR;
				CLANG_WARN_DOCUMENTATION_COMMENTS = YES;
				CLANG_WARN_EMPTY_BODY = YES;
				CLANG_WARN_ENUM_CONVERSION = YES;
				CLANG_WARN_INFINITE_RECURSION = YES;
				CLANG_WARN_INT_CONVERSION = YES;
				CLANG_WARN_OBJC_ROOT_CLASS = YES_ERROR;
				CLANG_WARN_SUSPICIOUS_MOVE = YES;
				CLANG_WARN_UNREACHABLE_CODE = YES;
				CLANG_WARN__DUPLICATE_METHOD_MATCH = YES;
				"CODE_SIGN_IDENTITY[sdk=iphoneos*]" = "iPhone Developer";
				COPY_PHASE_STRIP = NO;
				DEBUG_INFORMATION_FORMAT = dwarf;
				ENABLE_STRICT_OBJC_MSGSEND = YES;
				ENABLE_TESTABILITY = YES;
				GCC_C_LANGUAGE_STANDARD = gnu99;
				GCC_DYNAMIC_NO_PIC = NO;
				GCC_NO_COMMON_BLOCKS = YES;
				GCC_OPTIMIZATION_LEVEL = 0;
				GCC_PREPROCESSOR_DEFINITIONS = (
					"DEBUG=1",
					"$(inherited)",
				);
				GCC_WARN_64_TO_32_BIT_CONVERSION = YES;
				GCC_WARN_ABOUT_RETURN_TYPE = YES_ERROR;
				GCC_WARN_UNDECLARED_SELECTOR = YES;
				GCC_WARN_UNINITIALIZED_AUTOS = YES_AGGRESSIVE;
				GCC_WARN_UNUSED_FUNCTION = YES;
				GCC_WARN_UNUSED_VARIABLE = YES;
				IPHONEOS_DEPLOYMENT_TARGET = 10.2;
				MTL_ENABLE_DEBUG_INFO = YES;
				ONLY_ACTIVE_ARCH = YES;
				SDKROOT = iphoneos;
				TARGETED_DEVICE_FAMILY = "1,2";
			};
			name = Debug;
		};
		33C98B141E2B5EC700F76E34 /* Release */ = {
			isa = XCBuildConfiguration;
			buildSettings = {
				ALWAYS_SEARCH_USER_PATHS = NO;
				CLANG_ANALYZER_NONNULL = YES;
				CLANG_CXX_LANGUAGE_STANDARD = "gnu++0x";
				CLANG_CXX_LIBRARY = "libc++";
				CLANG_ENABLE_MODULES = YES;
				CLANG_ENABLE_OBJC_ARC = YES;
				CLANG_WARN_BOOL_CONVERSION = YES;
				CLANG_WARN_CONSTANT_CONVERSION = YES;
				CLANG_WARN_DIRECT_OBJC_ISA_USAGE = YES_ERROR;
				CLANG_WARN_DOCUMENTATION_COMMENTS = YES;
				CLANG_WARN_EMPTY_BODY = YES;
				CLANG_WARN_ENUM_CONVERSION = YES;
				CLANG_WARN_INFINITE_RECURSION = YES;
				CLANG_WARN_INT_CONVERSION = YES;
				CLANG_WARN_OBJC_ROOT_CLASS = YES_ERROR;
				CLANG_WARN_SUSPICIOUS_MOVE = YES;
				CLANG_WARN_UNREACHABLE_CODE = YES;
				CLANG_WARN__DUPLICATE_METHOD_MATCH = YES;
				"CODE_SIGN_IDENTITY[sdk=iphoneos*]" = "iPhone Developer";
				COPY_PHASE_STRIP = NO;
				DEBUG_INFORMATION_FORMAT = "dwarf-with-dsym";
				ENABLE_NS_ASSERTIONS = NO;
				ENABLE_STRICT_OBJC_MSGSEND = YES;
				GCC_C_LANGUAGE_STANDARD = gnu99;
				GCC_NO_COMMON_BLOCKS = YES;
				GCC_WARN_64_TO_32_BIT_CONVERSION = YES;
				GCC_WARN_ABOUT_RETURN_TYPE = YES_ERROR;
				GCC_WARN_UNDECLARED_SELECTOR = YES;
				GCC_WARN_UNINITIALIZED_AUTOS = YES_AGGRESSIVE;
				GCC_WARN_UNUSED_FUNCTION = YES;
				GCC_WARN_UNUSED_VARIABLE = YES;
				IPHONEOS_DEPLOYMENT_TARGET = 10.2;
				MTL_ENABLE_DEBUG_INFO = NO;
				SDKROOT = iphoneos;
				TARGETED_DEVICE_FAMILY = "1,2";
				VALIDATE_PRODUCT = YES;
			};
			name = Release;
		};
		33C98B161E2B5EC700F76E34 /* Debug */ = {
			isa = XCBuildConfiguration;
			buildSettings = {
				ASSETCATALOG_COMPILER_APPICON_NAME = AppIcon;
				ASSETCATALOG_COMPILER_LAUNCHIMAGE_NAME = LaunchImage;
				CODE_SIGN_IDENTITY = "iPhone Distribution: Xtreme Programming Group, Inc.";
				"CODE_SIGN_IDENTITY[sdk=iphoneos*]" = "iPhone Developer";
				DEVELOPMENT_TEAM = 4X78T389EK;
				ENABLE_BITCODE = NO;
				FRAMEWORK_SEARCH_PATHS = (
					"$(inherited)",
					"$(PROJECT_DIR)/Gokit/lib/Modules",
				);
				INFOPLIST_FILE = Gokit/Info.plist;
				IPHONEOS_DEPLOYMENT_TARGET = 8.0;
				LD_RUNPATH_SEARCH_PATHS = "$(inherited) @executable_path/Frameworks";
				LIBRARY_SEARCH_PATHS = (
					"$(inherited)",
					"$(PROJECT_DIR)/Gokit/lib/Engine",
					"$(PROJECT_DIR)/Gokit/lib/Modules",
				);
				OTHER_LDFLAGS = "-ObjC";
				PRODUCT_BUNDLE_IDENTIFIER = com.gizwits.openSource.gokit;
				PRODUCT_NAME = "$(TARGET_NAME)";
				PROVISIONING_PROFILE = "";
				PROVISIONING_PROFILE_SPECIFIER = "";
			};
			name = Debug;
		};
		33C98B171E2B5EC700F76E34 /* Release */ = {
			isa = XCBuildConfiguration;
			buildSettings = {
				ASSETCATALOG_COMPILER_APPICON_NAME = AppIcon;
				ASSETCATALOG_COMPILER_LAUNCHIMAGE_NAME = LaunchImage;
				CODE_SIGN_IDENTITY = "iPhone Distribution: Xtreme Programming Group, Inc.";
				"CODE_SIGN_IDENTITY[sdk=iphoneos*]" = "iPhone Developer";
				DEVELOPMENT_TEAM = 4X78T389EK;
				ENABLE_BITCODE = NO;
				FRAMEWORK_SEARCH_PATHS = (
					"$(inherited)",
					"$(PROJECT_DIR)/Gokit/lib/Modules",
				);
				INFOPLIST_FILE = Gokit/Info.plist;
				IPHONEOS_DEPLOYMENT_TARGET = 8.0;
				LD_RUNPATH_SEARCH_PATHS = "$(inherited) @executable_path/Frameworks";
				LIBRARY_SEARCH_PATHS = (
					"$(inherited)",
					"$(PROJECT_DIR)/Gokit/lib/Engine",
					"$(PROJECT_DIR)/Gokit/lib/Modules",
				);
				OTHER_LDFLAGS = "-ObjC";
				PRODUCT_BUNDLE_IDENTIFIER = com.gizwits.openSource.gokit;
				PRODUCT_NAME = "$(TARGET_NAME)";
				PROVISIONING_PROFILE = "";
				PROVISIONING_PROFILE_SPECIFIER = "";
			};
			name = Release;
		};
/* End XCBuildConfiguration section */

/* Begin XCConfigurationList section */
		33C98AF91E2B5EC600F76E34 /* Build configuration list for PBXProject "Gokit" */ = {
			isa = XCConfigurationList;
			buildConfigurations = (
				33C98B131E2B5EC700F76E34 /* Debug */,
				33C98B141E2B5EC700F76E34 /* Release */,
			);
			defaultConfigurationIsVisible = 0;
			defaultConfigurationName = Release;
		};
		33C98B151E2B5EC700F76E34 /* Build configuration list for PBXNativeTarget "Gokit" */ = {
			isa = XCConfigurationList;
			buildConfigurations = (
				33C98B161E2B5EC700F76E34 /* Debug */,
				33C98B171E2B5EC700F76E34 /* Release */,
			);
			defaultConfigurationIsVisible = 0;
			defaultConfigurationName = Release;
		};
/* End XCConfigurationList section */
	};
	rootObject = 33C98AF61E2B5EC600F76E34 /* Project object */;
}
