// !$*UTF8*$!
{
	archiveVersion = 1;
	classes = {
	};
	objectVersion = 46;
	objects = {

/* Begin PBXBuildFile section */
		331C8EC31E31253C0078EF0D /* GizWifiSDK.a in Frameworks */ = {isa = PBXBuildFile; fileRef = 331C8EBB1E31253C0078EF0D /* GizWifiSDK.a */; };
		331C8EC41E31253C0078EF0D /* libAPICloud-GizWifiSDK.a in Frameworks */ = {isa = PBXBuildFile; fileRef = 331C8EBC1E31253C0078EF0D /* libAPICloud-GizWifiSDK.a */; };
		331C8EC51E31253D0078EF0D /* libBLEasyConfig.a in Frameworks */ = {isa = PBXBuildFile; fileRef = 331C8EBD1E31253C0078EF0D /* libBLEasyConfig.a */; };
		331C8EC61E31253D0078EF0D /* libcrypto.a in Frameworks */ = {isa = PBXBuildFile; fileRef = 331C8EBE1E31253C0078EF0D /* libcrypto.a */; };
		331C8EC71E31253D0078EF0D /* libEasyLink.a in Frameworks */ = {isa = PBXBuildFile; fileRef = 331C8EBF1E31253C0078EF0D /* libEasyLink.a */; };
		331C8EC81E31253D0078EF0D /* libemTMF.a in Frameworks */ = {isa = PBXBuildFile; fileRef = 331C8EC01E31253C0078EF0D /* libemTMF.a */; };
		331C8EC91E31253D0078EF0D /* libEsptouch_v0.3.5.2.a in Frameworks */ = {isa = PBXBuildFile; fileRef = 331C8EC11E31253C0078EF0D /* libEsptouch_v0.3.5.2.a */; };
		331C8ECA1E31253D0078EF0D /* libssl.a in Frameworks */ = {isa = PBXBuildFile; fileRef = 331C8EC21E31253C0078EF0D /* libssl.a */; };
		33C98B031E2B5EC700F76E34 /* main.m in Sources */ = {isa = PBXBuildFile; fileRef = 33C98B021E2B5EC700F76E34 /* main.m */; };
		33C98B061E2B5EC700F76E34 /* AppDelegate.m in Sources */ = {isa = PBXBuildFile; fileRef = 33C98B051E2B5EC700F76E34 /* AppDelegate.m */; };
		33C98B0E1E2B5EC700F76E34 /* Assets.xcassets in Resources */ = {isa = PBXBuildFile; fileRef = 33C98B0D1E2B5EC700F76E34 /* Assets.xcassets */; };
		33C98B111E2B5EC700F76E34 /* LaunchScreen.storyboard in Resources */ = {isa = PBXBuildFile; fileRef = 33C98B0F1E2B5EC700F76E34 /* LaunchScreen.storyboard */; };
		33C98B641E2B5EE800F76E34 /* APICloud.a in Frameworks */ = {isa = PBXBuildFile; fileRef = 33C98B1A1E2B5EE700F76E34 /* APICloud.a */; };
		33C98B651E2B5EE800F76E34 /* Info.plist in Resources */ = {isa = PBXBuildFile; fileRef = 33C98B2A1E2B5EE700F76E34 /* Info.plist */; };
		33C98B9B1E2B5F5100F76E34 /* WebKit.framework in Frameworks */ = {isa = PBXBuildFile; fileRef = 33C98B9A1E2B5F5100F76E34 /* WebKit.framework */; };
		33C98B9D1E2B5F6000F76E34 /* libz.tbd in Frameworks */ = {isa = PBXBuildFile; fileRef = 33C98B9C1E2B5F6000F76E34 /* libz.tbd */; };
		33C98B9F1E2B5F6B00F76E34 /* libicucore.tbd in Frameworks */ = {isa = PBXBuildFile; fileRef = 33C98B9E1E2B5F6B00F76E34 /* libicucore.tbd */; };
		33C98BA11E2B5F7500F76E34 /* libstdc++.tbd in Frameworks */ = {isa = PBXBuildFile; fileRef = 33C98BA01E2B5F7500F76E34 /* libstdc++.tbd */; };
		33C98BC11E2B5FC100F76E34 /* aMap.a in Frameworks */ = {isa = PBXBuildFile; fileRef = 33C98BA41E2B5FC000F76E34 /* aMap.a */; };
		33C98BC21E2B5FC100F76E34 /* AMap.bundle in Resources */ = {isa = PBXBuildFile; fileRef = 33C98BA51E2B5FC000F76E34 /* AMap.bundle */; };
		33C98BC31E2B5FC100F76E34 /* AMapFoundationKit.framework in Frameworks */ = {isa = PBXBuildFile; fileRef = 33C98BA61E2B5FC000F76E34 /* AMapFoundationKit.framework */; };
		33C98BC41E2B5FC100F76E34 /* AMapSearchKit.framework in Frameworks */ = {isa = PBXBuildFile; fileRef = 33C98BA71E2B5FC000F76E34 /* AMapSearchKit.framework */; };
		33C98BC51E2B5FC100F76E34 /* arcProgress.a in Frameworks */ = {isa = PBXBuildFile; fileRef = 33C98BA81E2B5FC100F76E34 /* arcProgress.a */; };
		33C98BC61E2B5FC100F76E34 /* FNScanner.a in Frameworks */ = {isa = PBXBuildFile; fileRef = 33C98BA91E2B5FC100F76E34 /* FNScanner.a */; };
		33C98BC91E2B5FC100F76E34 /* libBarCode.a in Frameworks */ = {isa = PBXBuildFile; fileRef = 33C98BAC1E2B5FC100F76E34 /* libBarCode.a */; };
		33C98BCF1E2B5FC100F76E34 /* libminizip.a in Frameworks */ = {isa = PBXBuildFile; fileRef = 33C98BB21E2B5FC100F76E34 /* libminizip.a */; };
		33C98BD01E2B5FC100F76E34 /* libopencore-amrnb.a in Frameworks */ = {isa = PBXBuildFile; fileRef = 33C98BB31E2B5FC100F76E34 /* libopencore-amrnb.a */; };
		33C98BD11E2B5FC100F76E34 /* libopencore-amrwb.a in Frameworks */ = {isa = PBXBuildFile; fileRef = 33C98BB41E2B5FC100F76E34 /* libopencore-amrwb.a */; };
		33C98BD31E2B5FC100F76E34 /* libzbar.a in Frameworks */ = {isa = PBXBuildFile; fileRef = 33C98BB61E2B5FC100F76E34 /* libzbar.a */; };
		33C98BD41E2B5FC100F76E34 /* mam.a in Frameworks */ = {isa = PBXBuildFile; fileRef = 33C98BB71E2B5FC100F76E34 /* mam.a */; };
		33C98BD51E2B5FC100F76E34 /* MAMapKit.framework in Frameworks */ = {isa = PBXBuildFile; fileRef = 33C98BB81E2B5FC100F76E34 /* MAMapKit.framework */; };
		33C98BD61E2B5FC100F76E34 /* push.a in Frameworks */ = {isa = PBXBuildFile; fileRef = 33C98BB91E2B5FC100F76E34 /* push.a */; };
		33C98BD71E2B5FC100F76E34 /* PushConfig.plist in Resources */ = {isa = PBXBuildFile; fileRef = 33C98BBA1E2B5FC100F76E34 /* PushConfig.plist */; };
		33C98BD81E2B5FC100F76E34 /* qq.a in Frameworks */ = {isa = PBXBuildFile; fileRef = 33C98BBB1E2B5FC100F76E34 /* qq.a */; };
		33C98BD91E2B5FC100F76E34 /* TencentOpenApi_IOS_Bundle.bundle in Resources */ = {isa = PBXBuildFile; fileRef = 33C98BBC1E2B5FC100F76E34 /* TencentOpenApi_IOS_Bundle.bundle */; };
		33C98BDA1E2B5FC100F76E34 /* TencentOpenAPI.framework in Frameworks */ = {isa = PBXBuildFile; fileRef = 33C98BBD1E2B5FC100F76E34 /* TencentOpenAPI.framework */; };
		33C98BDB1E2B5FC100F76E34 /* UICityList.a in Frameworks */ = {isa = PBXBuildFile; fileRef = 33C98BBE1E2B5FC100F76E34 /* UICityList.a */; };
		33C98BDC1E2B5FC100F76E34 /* UICustomPicker.a in Frameworks */ = {isa = PBXBuildFile; fileRef = 33C98BBF1E2B5FC100F76E34 /* UICustomPicker.a */; };
		33C98BE21E2B5FCF00F76E34 /* res_aMap in Resources */ = {isa = PBXBuildFile; fileRef = 33C98BDD1E2B5FCF00F76E34 /* res_aMap */; };
		33C98BE31E2B5FCF00F76E34 /* res_FNScanner in Resources */ = {isa = PBXBuildFile; fileRef = 33C98BDE1E2B5FCF00F76E34 /* res_FNScanner */; };
		33C98BE41E2B5FCF00F76E34 /* res_mam in Resources */ = {isa = PBXBuildFile; fileRef = 33C98BDF1E2B5FCF00F76E34 /* res_mam */; };
		33C98BE51E2B5FCF00F76E34 /* res_UICityList in Resources */ = {isa = PBXBuildFile; fileRef = 33C98BE01E2B5FCF00F76E34 /* res_UICityList */; };
		33C98BE61E2B5FCF00F76E34 /* uz in Resources */ = {isa = PBXBuildFile; fileRef = 33C98BE11E2B5FCF00F76E34 /* uz */; };
		33C98BE81E2B603300F76E34 /* libiconv.tbd in Frameworks */ = {isa = PBXBuildFile; fileRef = 33C98BE71E2B603300F76E34 /* libiconv.tbd */; };
		33C98BEA1E2B60B600F76E34 /* widget in Resources */ = {isa = PBXBuildFile; fileRef = 33C98BE91E2B60B600F76E34 /* widget */; };
		33CC129A1E2B66A200F1BC7B /* ViewController.m in Sources */ = {isa = PBXBuildFile; fileRef = 33CC12991E2B66A200F1BC7B /* ViewController.m */; };
/* End PBXBuildFile section */

/* Begin PBXFileReference section */
		331C8EBB1E31253C0078EF0D /* GizWifiSDK.a */ = {isa = PBXFileReference; lastKnownFileType = archive.ar; path = GizWifiSDK.a; sourceTree = "<group>"; };
		331C8EBC1E31253C0078EF0D /* libAPICloud-GizWifiSDK.a */ = {isa = PBXFileReference; lastKnownFileType = archive.ar; path = "libAPICloud-GizWifiSDK.a"; sourceTree = "<group>"; };
		331C8EBD1E31253C0078EF0D /* libBLEasyConfig.a */ = {isa = PBXFileReference; lastKnownFileType = archive.ar; path = libBLEasyConfig.a; sourceTree = "<group>"; };
		331C8EBE1E31253C0078EF0D /* libcrypto.a */ = {isa = PBXFileReference; lastKnownFileType = archive.ar; path = libcrypto.a; sourceTree = "<group>"; };
		331C8EBF1E31253C0078EF0D /* libEasyLink.a */ = {isa = PBXFileReference; lastKnownFileType = archive.ar; path = libEasyLink.a; sourceTree = "<group>"; };
		331C8EC01E31253C0078EF0D /* libemTMF.a */ = {isa = PBXFileReference; lastKnownFileType = archive.ar; path = libemTMF.a; sourceTree = "<group>"; };
		331C8EC11E31253C0078EF0D /* libEsptouch_v0.3.5.2.a */ = {isa = PBXFileReference; lastKnownFileType = archive.ar; path = libEsptouch_v0.3.5.2.a; sourceTree = "<group>"; };
		331C8EC21E31253C0078EF0D /* libssl.a */ = {isa = PBXFileReference; lastKnownFileType = archive.ar; path = libssl.a; sourceTree = "<group>"; };
		33C98AFE1E2B5EC700F76E34 /* Gokit.app */ = {isa = PBXFileReference; explicitFileType = wrapper.application; includeInIndex = 0; path = Gokit.app; sourceTree = BUILT_PRODUCTS_DIR; };
		33C98B021E2B5EC700F76E34 /* main.m */ = {isa = PBXFileReference; lastKnownFileType = sourcecode.c.objc; path = main.m; sourceTree = "<group>"; };
		33C98B041E2B5EC700F76E34 /* AppDelegate.h */ = {isa = PBXFileReference; lastKnownFileType = sourcecode.c.h; path = AppDelegate.h; sourceTree = "<group>"; };
		33C98B051E2B5EC700F76E34 /* AppDelegate.m */ = {isa = PBXFileReference; lastKnownFileType = sourcecode.c.objc; path = AppDelegate.m; sourceTree = "<group>"; };
		33C98B0D1E2B5EC700F76E34 /* Assets.xcassets */ = {isa = PBXFileReference; lastKnownFileType = folder.assetcatalog; path = Assets.xcassets; sourceTree = "<group>"; };
		33C98B101E2B5EC700F76E34 /* Base */ = {isa = PBXFileReference; lastKnownFileType = file.storyboard; name = Base; path = Base.lproj/LaunchScreen.storyboard; sourceTree = "<group>"; };
		33C98B121E2B5EC700F76E34 /* Info.plist */ = {isa = PBXFileReference; lastKnownFileType = text.plist.xml; path = Info.plist; sourceTree = "<group>"; };
		33C98B1A1E2B5EE700F76E34 /* APICloud.a */ = {isa = PBXFileReference; lastKnownFileType = archive.ar; path = APICloud.a; sourceTree = "<group>"; };
		33C98B1B1E2B5EE700F76E34 /* APIEvent.h */ = {isa = PBXFileReference; fileEncoding = 4; lastKnownFileType = sourcecode.c.h; path = APIEvent.h; sourceTree = "<group>"; };
		33C98B1C1E2B5EE700F76E34 /* APIExport.h */ = {isa = PBXFileReference; fileEncoding = 4; lastKnownFileType = sourcecode.c.h; path = APIExport.h; sourceTree = "<group>"; };
		33C98B1E1E2B5EE700F76E34 /* NSDictionaryUtils.h */ = {isa = PBXFileReference; fileEncoding = 4; lastKnownFileType = sourcecode.c.h; path = NSDictionaryUtils.h; sourceTree = "<group>"; };
		33C98B1F1E2B5EE700F76E34 /* UZAppDelegate.h */ = {isa = PBXFileReference; fileEncoding = 4; lastKnownFileType = sourcecode.c.h; path = UZAppDelegate.h; sourceTree = "<group>"; };
		33C98B201E2B5EE700F76E34 /* UZAppUtils.h */ = {isa = PBXFileReference; fileEncoding = 4; lastKnownFileType = sourcecode.c.h; path = UZAppUtils.h; sourceTree = "<group>"; };
		33C98B211E2B5EE700F76E34 /* UZModule.h */ = {isa = PBXFileReference; fileEncoding = 4; lastKnownFileType = sourcecode.c.h; path = UZModule.h; sourceTree = "<group>"; };
		33C98B221E2B5EE700F76E34 /* APIManager.h */ = {isa = PBXFileReference; fileEncoding = 4; lastKnownFileType = sourcecode.c.h; path = APIManager.h; sourceTree = "<group>"; };
		33C98B231E2B5EE700F76E34 /* APIModuleMethod.h */ = {isa = PBXFileReference; fileEncoding = 4; lastKnownFileType = sourcecode.c.h; path = APIModuleMethod.h; sourceTree = "<group>"; };
		33C98B241E2B5EE700F76E34 /* APIScriptMessage.h */ = {isa = PBXFileReference; fileEncoding = 4; lastKnownFileType = sourcecode.c.h; path = APIScriptMessage.h; sourceTree = "<group>"; };
		33C98B251E2B5EE700F76E34 /* APIUpdateManager.h */ = {isa = PBXFileReference; fileEncoding = 4; lastKnownFileType = sourcecode.c.h; path = APIUpdateManager.h; sourceTree = "<group>"; };
		33C98B261E2B5EE700F76E34 /* APIWebView.h */ = {isa = PBXFileReference; fileEncoding = 4; lastKnownFileType = sourcecode.c.h; path = APIWebView.h; sourceTree = "<group>"; };
		33C98B271E2B5EE700F76E34 /* APIWidgetContainer.h */ = {isa = PBXFileReference; fileEncoding = 4; lastKnownFileType = sourcecode.c.h; path = APIWidgetContainer.h; sourceTree = "<group>"; };
		33C98B281E2B5EE700F76E34 /* APIWindowContainer.h */ = {isa = PBXFileReference; fileEncoding = 4; lastKnownFileType = sourcecode.c.h; path = APIWindowContainer.h; sourceTree = "<group>"; };
		33C98B291E2B5EE700F76E34 /* UZWebViewProtocol.h */ = {isa = PBXFileReference; fileEncoding = 4; lastKnownFileType = sourcecode.c.h; path = UZWebViewProtocol.h; sourceTree = "<group>"; };
		33C98B2A1E2B5EE700F76E34 /* Info.plist */ = {isa = PBXFileReference; fileEncoding = 4; lastKnownFileType = text.plist.xml; path = Info.plist; sourceTree = "<group>"; };
		33C98B9A1E2B5F5100F76E34 /* WebKit.framework */ = {isa = PBXFileReference; lastKnownFileType = wrapper.framework; name = WebKit.framework; path = System/Library/Frameworks/WebKit.framework; sourceTree = SDKROOT; };
		33C98B9C1E2B5F6000F76E34 /* libz.tbd */ = {isa = PBXFileReference; lastKnownFileType = "sourcecode.text-based-dylib-definition"; name = libz.tbd; path = usr/lib/libz.tbd; sourceTree = SDKROOT; };
		33C98B9E1E2B5F6B00F76E34 /* libicucore.tbd */ = {isa = PBXFileReference; lastKnownFileType = "sourcecode.text-based-dylib-definition"; name = libicucore.tbd; path = usr/lib/libicucore.tbd; sourceTree = SDKROOT; };
		33C98BA01E2B5F7500F76E34 /* libstdc++.tbd */ = {isa = PBXFileReference; lastKnownFileType = "sourcecode.text-based-dylib-definition"; name = "libstdc++.tbd"; path = "usr/lib/libstdc++.tbd"; sourceTree = SDKROOT; };
		33C98BA41E2B5FC000F76E34 /* aMap.a */ = {isa = PBXFileReference; lastKnownFileType = archive.ar; path = aMap.a; sourceTree = "<group>"; };
		33C98BA51E2B5FC000F76E34 /* AMap.bundle */ = {isa = PBXFileReference; lastKnownFileType = "wrapper.plug-in"; path = AMap.bundle; sourceTree = "<group>"; };
		33C98BA61E2B5FC000F76E34 /* AMapFoundationKit.framework */ = {isa = PBXFileReference; lastKnownFileType = wrapper.framework; path = AMapFoundationKit.framework; sourceTree = "<group>"; };
		33C98BA71E2B5FC000F76E34 /* AMapSearchKit.framework */ = {isa = PBXFileReference; lastKnownFileType = wrapper.framework; path = AMapSearchKit.framework; sourceTree = "<group>"; };
		33C98BA81E2B5FC100F76E34 /* arcProgress.a */ = {isa = PBXFileReference; lastKnownFileType = archive.ar; path = arcProgress.a; sourceTree = "<group>"; };
		33C98BA91E2B5FC100F76E34 /* FNScanner.a */ = {isa = PBXFileReference; lastKnownFileType = archive.ar; path = FNScanner.a; sourceTree = "<group>"; };
		33C98BAC1E2B5FC100F76E34 /* libBarCode.a */ = {isa = PBXFileReference; lastKnownFileType = archive.ar; path = libBarCode.a; sourceTree = "<group>"; };
		33C98BB21E2B5FC100F76E34 /* libminizip.a */ = {isa = PBXFileReference; lastKnownFileType = archive.ar; path = libminizip.a; sourceTree = "<group>"; };
		33C98BB31E2B5FC100F76E34 /* libopencore-amrnb.a */ = {isa = PBXFileReference; lastKnownFileType = archive.ar; path = "libopencore-amrnb.a"; sourceTree = "<group>"; };
		33C98BB41E2B5FC100F76E34 /* libopencore-amrwb.a */ = {isa = PBXFileReference; lastKnownFileType = archive.ar; path = "libopencore-amrwb.a"; sourceTree = "<group>"; };
		33C98BB61E2B5FC100F76E34 /* libzbar.a */ = {isa = PBXFileReference; lastKnownFileType = archive.ar; path = libzbar.a; sourceTree = "<group>"; };
		33C98BB71E2B5FC100F76E34 /* mam.a */ = {isa = PBXFileReference; lastKnownFileType = archive.ar; path = mam.a; sourceTree = "<group>"; };
		33C98BB81E2B5FC100F76E34 /* MAMapKit.framework */ = {isa = PBXFileReference; lastKnownFileType = wrapper.framework; path = MAMapKit.framework; sourceTree = "<group>"; };
		33C98BB91E2B5FC100F76E34 /* push.a */ = {isa = PBXFileReference; lastKnownFileType = archive.ar; path = push.a; sourceTree = "<group>"; };
		33C98BBA1E2B5FC100F76E34 /* PushConfig.plist */ = {isa = PBXFileReference; fileEncoding = 4; lastKnownFileType = text.plist.xml; path = PushConfig.plist; sourceTree = "<group>"; };
		33C98BBB1E2B5FC100F76E34 /* qq.a */ = {isa = PBXFileReference; lastKnownFileType = archive.ar; path = qq.a; sourceTree = "<group>"; };
		33C98BBC1E2B5FC100F76E34 /* TencentOpenApi_IOS_Bundle.bundle */ = {isa = PBXFileReference; lastKnownFileType = "wrapper.plug-in"; path = TencentOpenApi_IOS_Bundle.bundle; sourceTree = "<group>"; };
		33C98BBD1E2B5FC100F76E34 /* TencentOpenAPI.framework */ = {isa = PBXFileReference; lastKnownFileType = wrapper.framework; path = TencentOpenAPI.framework; sourceTree = "<group>"; };
		33C98BBE1E2B5FC100F76E34 /* UICityList.a */ = {isa = PBXFileReference; lastKnownFileType = archive.ar; path = UICityList.a; sourceTree = "<group>"; };
		33C98BBF1E2B5FC100F76E34 /* UICustomPicker.a */ = {isa = PBXFileReference; lastKnownFileType = archive.ar; path = UICustomPicker.a; sourceTree = "<group>"; };
		33C98BDD1E2B5FCF00F76E34 /* res_aMap */ = {isa = PBXFileReference; lastKnownFileType = folder; path = res_aMap; sourceTree = "<group>"; };
		33C98BDE1E2B5FCF00F76E34 /* res_FNScanner */ = {isa = PBXFileReference; lastKnownFileType = folder; path = res_FNScanner; sourceTree = "<group>"; };
		33C98BDF1E2B5FCF00F76E34 /* res_mam */ = {isa = PBXFileReference; lastKnownFileType = folder; path = res_mam; sourceTree = "<group>"; };
		33C98BE01E2B5FCF00F76E34 /* res_UICityList */ = {isa = PBXFileReference; lastKnownFileType = folder; path = res_UICityList; sourceTree = "<group>"; };
		33C98BE11E2B5FCF00F76E34 /* uz */ = {isa = PBXFileReference; lastKnownFileType = folder; path = uz; sourceTree = "<group>"; };
		33C98BE71E2B603300F76E34 /* libiconv.tbd */ = {isa = PBXFileReference; lastKnownFileType = "sourcecode.text-based-dylib-definition"; name = libiconv.tbd; path = usr/lib/libiconv.tbd; sourceTree = SDKROOT; };
		33C98BE91E2B60B600F76E34 /* widget */ = {isa = PBXFileReference; lastKnownFileType = folder; path = widget; sourceTree = "<group>"; };
		33CC12971E2B658400F1BC7B /* Gokit.entitlements */ = {isa = PBXFileReference; lastKnownFileType = text.plist.entitlements; path = Gokit.entitlements; sourceTree = "<group>"; };
		33CC12981E2B66A200F1BC7B /* ViewController.h */ = {isa = PBXFileReference; fileEncoding = 4; lastKnownFileType = sourcecode.c.h; path = ViewController.h; sourceTree = "<group>"; };
		33CC12991E2B66A200F1BC7B /* ViewController.m */ = {isa = PBXFileReference; fileEncoding = 4; lastKnownFileType = sourcecode.c.objc; path = ViewController.m; sourceTree = "<group>"; };
/* End PBXFileReference section */

/* Begin PBXFrameworksBuildPhase section */
		33C98AFB1E2B5EC700F76E34 /* Frameworks */ = {
			isa = PBXFrameworksBuildPhase;
			buildActionMask = 2147483647;
			files = (
				331C8ECA1E31253D0078EF0D /* libssl.a in Frameworks */,
				33C98BE81E2B603300F76E34 /* libiconv.tbd in Frameworks */,
				33C98BDB1E2B5FC100F76E34 /* UICityList.a in Frameworks */,
				33C98BDA1E2B5FC100F76E34 /* TencentOpenAPI.framework in Frameworks */,
				33C98BD01E2B5FC100F76E34 /* libopencore-amrnb.a in Frameworks */,
				33C98BDC1E2B5FC100F76E34 /* UICustomPicker.a in Frameworks */,
				33C98BC11E2B5FC100F76E34 /* aMap.a in Frameworks */,
				331C8EC81E31253D0078EF0D /* libemTMF.a in Frameworks */,
				33C98BD11E2B5FC100F76E34 /* libopencore-amrwb.a in Frameworks */,
				33C98BC91E2B5FC100F76E34 /* libBarCode.a in Frameworks */,
				331C8EC61E31253D0078EF0D /* libcrypto.a in Frameworks */,
				331C8EC41E31253C0078EF0D /* libAPICloud-GizWifiSDK.a in Frameworks */,
				33C98BCF1E2B5FC100F76E34 /* libminizip.a in Frameworks */,
				33C98BC61E2B5FC100F76E34 /* FNScanner.a in Frameworks */,
				33C98BA11E2B5F7500F76E34 /* libstdc++.tbd in Frameworks */,
				33C98B9F1E2B5F6B00F76E34 /* libicucore.tbd in Frameworks */,
				33C98B9D1E2B5F6000F76E34 /* libz.tbd in Frameworks */,
				33C98BD31E2B5FC100F76E34 /* libzbar.a in Frameworks */,
				331C8EC51E31253D0078EF0D /* libBLEasyConfig.a in Frameworks */,
				33C98BD61E2B5FC100F76E34 /* push.a in Frameworks */,
				33C98BC51E2B5FC100F76E34 /* arcProgress.a in Frameworks */,
				33C98BC41E2B5FC100F76E34 /* AMapSearchKit.framework in Frameworks */,
				33C98BD81E2B5FC100F76E34 /* qq.a in Frameworks */,
				33C98BD41E2B5FC100F76E34 /* mam.a in Frameworks */,
				33C98BC31E2B5FC100F76E34 /* AMapFoundationKit.framework in Frameworks */,
				331C8EC71E31253D0078EF0D /* libEasyLink.a in Frameworks */,
				33C98B9B1E2B5F5100F76E34 /* WebKit.framework in Frameworks */,
				331C8EC91E31253D0078EF0D /* libEsptouch_v0.3.5.2.a in Frameworks */,
				33C98BD51E2B5FC100F76E34 /* MAMapKit.framework in Frameworks */,
				331C8EC31E31253C0078EF0D /* GizWifiSDK.a in Frameworks */,
				33C98B641E2B5EE800F76E34 /* APICloud.a in Frameworks */,
			);
			runOnlyForDeploymentPostprocessing = 0;
		};
/* End PBXFrameworksBuildPhase section */

/* Begin PBXGroup section */
		33C98AF51E2B5EC600F76E34 = {
			isa = PBXGroup;
			children = (
				33C98B001E2B5EC700F76E34 /* Gokit */,
				33C98AFF1E2B5EC700F76E34 /* Products */,
				33C98B991E2B5F5100F76E34 /* Frameworks */,
			);
			sourceTree = "<group>";
		};
		33C98AFF1E2B5EC700F76E34 /* Products */ = {
			isa = PBXGroup;
			children = (
				33C98AFE1E2B5EC700F76E34 /* Gokit.app */,
			);
			name = Products;
			sourceTree = "<group>";
		};
		33C98B001E2B5EC700F76E34 /* Gokit */ = {
			isa = PBXGroup;
			children = (
				33CC12971E2B658400F1BC7B /* Gokit.entitlements */,
				33C98B181E2B5EE700F76E34 /* lib */,
				33C98B041E2B5EC700F76E34 /* AppDelegate.h */,
				33C98B051E2B5EC700F76E34 /* AppDelegate.m */,
				33CC12981E2B66A200F1BC7B /* ViewController.h */,
				33CC12991E2B66A200F1BC7B /* ViewController.m */,
				33C98BE91E2B60B600F76E34 /* widget */,
				33C98B0D1E2B5EC700F76E34 /* Assets.xcassets */,
				33C98B0F1E2B5EC700F76E34 /* LaunchScreen.storyboard */,
				33C98B121E2B5EC700F76E34 /* Info.plist */,
				33C98B011E2B5EC700F76E34 /* Supporting Files */,
			);
			path = Gokit;
			sourceTree = "<group>";
		};
		33C98B011E2B5EC700F76E34 /* Supporting Files */ = {
			isa = PBXGroup;
			children = (
				33C98B021E2B5EC700F76E34 /* main.m */,
			);
			name = "Supporting Files";
			sourceTree = "<group>";
		};
		33C98B181E2B5EE700F76E34 /* lib */ = {
			isa = PBXGroup;
			children = (
				33C98BA21E2B5FA800F76E34 /* Modules */,
				33C98B191E2B5EE700F76E34 /* Engine */,
				33C98B2A1E2B5EE700F76E34 /* Info.plist */,
			);
			path = lib;
			sourceTree = "<group>";
		};
		33C98B191E2B5EE700F76E34 /* Engine */ = {
			isa = PBXGroup;
			children = (
				33C98B1A1E2B5EE700F76E34 /* APICloud.a */,
				33C98B1B1E2B5EE700F76E34 /* APIEvent.h */,
				33C98B1C1E2B5EE700F76E34 /* APIExport.h */,
				33C98B1D1E2B5EE700F76E34 /* APIKit */,
				33C98B221E2B5EE700F76E34 /* APIManager.h */,
				33C98B231E2B5EE700F76E34 /* APIModuleMethod.h */,
				33C98B241E2B5EE700F76E34 /* APIScriptMessage.h */,
				33C98B251E2B5EE700F76E34 /* APIUpdateManager.h */,
				33C98B261E2B5EE700F76E34 /* APIWebView.h */,
				33C98B271E2B5EE700F76E34 /* APIWidgetContainer.h */,
				33C98B281E2B5EE700F76E34 /* APIWindowContainer.h */,
				33C98B291E2B5EE700F76E34 /* UZWebViewProtocol.h */,
			);
			path = Engine;
			sourceTree = "<group>";
		};
		33C98B1D1E2B5EE700F76E34 /* APIKit */ = {
			isa = PBXGroup;
			children = (
				33C98B1E1E2B5EE700F76E34 /* NSDictionaryUtils.h */,
				33C98B1F1E2B5EE700F76E34 /* UZAppDelegate.h */,
				33C98B201E2B5EE700F76E34 /* UZAppUtils.h */,
				33C98B211E2B5EE700F76E34 /* UZModule.h */,
			);
			path = APIKit;
			sourceTree = "<group>";
		};
		33C98B991E2B5F5100F76E34 /* Frameworks */ = {
			isa = PBXGroup;
			children = (
				33C98BE71E2B603300F76E34 /* libiconv.tbd */,
				33C98BA01E2B5F7500F76E34 /* libstdc++.tbd */,
				33C98B9E1E2B5F6B00F76E34 /* libicucore.tbd */,
				33C98B9C1E2B5F6000F76E34 /* libz.tbd */,
				33C98B9A1E2B5F5100F76E34 /* WebKit.framework */,
			);
			name = Frameworks;
			sourceTree = "<group>";
		};
		33C98BA21E2B5FA800F76E34 /* Modules */ = {
			isa = PBXGroup;
			children = (
				33C98BDD1E2B5FCF00F76E34 /* res_aMap */,
				33C98BDE1E2B5FCF00F76E34 /* res_FNScanner */,
				33C98BDF1E2B5FCF00F76E34 /* res_mam */,
				33C98BE01E2B5FCF00F76E34 /* res_UICityList */,
				33C98BE11E2B5FCF00F76E34 /* uz */,
				33C98BA41E2B5FC000F76E34 /* aMap.a */,
				33C98BA51E2B5FC000F76E34 /* AMap.bundle */,
				33C98BA61E2B5FC000F76E34 /* AMapFoundationKit.framework */,
				33C98BA71E2B5FC000F76E34 /* AMapSearchKit.framework */,
				33C98BA81E2B5FC100F76E34 /* arcProgress.a */,
				331C8EBB1E31253C0078EF0D /* GizWifiSDK.a */,
				331C8EBC1E31253C0078EF0D /* libAPICloud-GizWifiSDK.a */,
				331C8EBD1E31253C0078EF0D /* libBLEasyConfig.a */,
				331C8EBE1E31253C0078EF0D /* libcrypto.a */,
				331C8EBF1E31253C0078EF0D /* libEasyLink.a */,
				331C8EC01E31253C0078EF0D /* libemTMF.a */,
				331C8EC11E31253C0078EF0D /* libEsptouch_v0.3.5.2.a */,
				331C8EC21E31253C0078EF0D /* libssl.a */,
				33C98BA91E2B5FC100F76E34 /* FNScanner.a */,
				33C98BAC1E2B5FC100F76E34 /* libBarCode.a */,
				33C98BB21E2B5FC100F76E34 /* libminizip.a */,
				33C98BB31E2B5FC100F76E34 /* libopencore-amrnb.a */,
				33C98BB41E2B5FC100F76E34 /* libopencore-amrwb.a */,
				33C98BB61E2B5FC100F76E34 /* libzbar.a */,
				33C98BB71E2B5FC100F76E34 /* mam.a */,
				33C98BB81E2B5FC100F76E34 /* MAMapKit.framework */,
				33C98BB91E2B5FC100F76E34 /* push.a */,
				33C98BBA1E2B5FC100F76E34 /* PushConfig.plist */,
				33C98BBB1E2B5FC100F76E34 /* qq.a */,
				33C98BBC1E2B5FC100F76E34 /* TencentOpenApi_IOS_Bundle.bundle */,
				33C98BBD1E2B5FC100F76E34 /* TencentOpenAPI.framework */,
				33C98BBE1E2B5FC100F76E34 /* UICityList.a */,
				33C98BBF1E2B5FC100F76E34 /* UICustomPicker.a */,
			);
			path = Modules;
			sourceTree = "<group>";
		};
/* End PBXGroup section */

/* Begin PBXNativeTarget section */
		33C98AFD1E2B5EC700F76E34 /* Gokit */ = {
			isa = PBXNativeTarget;
			buildConfigurationList = 33C98B151E2B5EC700F76E34 /* Build configuration list for PBXNativeTarget "Gokit" */;
			buildPhases = (
				33C98AFA1E2B5EC700F76E34 /* Sources */,
				33C98AFB1E2B5EC700F76E34 /* Frameworks */,
				33C98AFC1E2B5EC700F76E34 /* Resources */,
			);
			buildRules = (
			);
			dependencies = (
			);
			name = Gokit;
			productName = Gokit;
			productReference = 33C98AFE1E2B5EC700F76E34 /* Gokit.app */;
			productType = "com.apple.product-type.application";
		};
/* End PBXNativeTarget section */

/* Begin PBXProject section */
		33C98AF61E2B5EC600F76E34 /* Project object */ = {
			isa = PBXProject;
			attributes = {
				LastUpgradeCheck = 0820;
				ORGANIZATIONNAME = gizwits;
				TargetAttributes = {
					33C98AFD1E2B5EC700F76E34 = {
						CreatedOnToolsVersion = 8.2;
						DevelopmentTeam = 4X78T389EK;
						ProvisioningStyle = Automatic;
						SystemCapabilities = {
							com.apple.Push = {
								enabled = 0;
							};
						};
					};
				};
			};
			buildConfigurationList = 33C98AF91E2B5EC600F76E34 /* Build configuration list for PBXProject "Gokit" */;
			compatibilityVersion = "Xcode 3.2";
			developmentRegion = English;
			hasScannedForEncodings = 0;
			knownRegions = (
				en,
				Base,
			);
			mainGroup = 33C98AF51E2B5EC600F76E34;
			productRefGroup = 33C98AFF1E2B5EC700F76E34 /* Products */;
			projectDirPath = "";
			projectRoot = "";
			targets = (
				33C98AFD1E2B5EC700F76E34 /* Gokit */,
			);
		};
/* End PBXProject section */

/* Begin PBXResourcesBuildPhase section */
		33C98AFC1E2B5EC700F76E34 /* Resources */ = {
			isa = PBXResourcesBuildPhase;
			buildActionMask = 2147483647;
			files = (
				33C98BEA1E2B60B600F76E34 /* widget in Resources */,
				33C98BE21E2B5FCF00F76E34 /* res_aMap in Resources */,
				33C98BC21E2B5FC100F76E34 /* AMap.bundle in Resources */,
				33C98B651E2B5EE800F76E34 /* Info.plist in Resources */,
				33C98BE51E2B5FCF00F76E34 /* res_UICityList in Resources */,
				33C98BE41E2B5FCF00F76E34 /* res_mam in Resources */,
				33C98BE61E2B5FCF00F76E34 /* uz in Resources */,
				33C98B111E2B5EC700F76E34 /* LaunchScreen.storyboard in Resources */,
				33C98B0E1E2B5EC700F76E34 /* Assets.xcassets in Resources */,
				33C98BD91E2B5FC100F76E34 /* TencentOpenApi_IOS_Bundle.bundle in Resources */,
				33C98BD71E2B5FC100F76E34 /* PushConfig.plist in Resources */,
				33C98BE31E2B5FCF00F76E34 /* res_FNScanner in Resources */,
			);
			runOnlyForDeploymentPostprocessing = 0;
		};
/* End PBXResourcesBuildPhase section */

/* Begin PBXSourcesBuildPhase section */
		33C98AFA1E2B5EC700F76E34 /* Sources */ = {
			isa = PBXSourcesBuildPhase;
			buildActionMask = 2147483647;
			files = (
				33CC129A1E2B66A200F1BC7B /* ViewController.m in Sources */,
				33C98B061E2B5EC700F76E34 /* AppDelegate.m in Sources */,
				33C98B031E2B5EC700F76E34 /* main.m in Sources */,
			);
			runOnlyForDeploymentPostprocessing = 0;
		};
/* End PBXSourcesBuildPhase section */

/* Begin PBXVariantGroup section */
		33C98B0F1E2B5EC700F76E34 /* LaunchScreen.storyboard */ = {
			isa = PBXVariantGroup;
			children = (
				33C98B101E2B5EC700F76E34 /* Base */,
			);
			name = LaunchScreen.storyboard;
			sourceTree = "<group>";
		};
/* End PBXVariantGroup section */

/* Begin XCBuildConfiguration section */
		33C98B131E2B5EC700F76E34 /* Debug */ = {
			isa = XCBuildConfiguration;
			buildSettings = {
				ALWAYS_SEARCH_USER_PATHS = NO;
				CLANG_ANALYZER_NONNULL = YES;
				CLANG_CXX_LANGUAGE_STANDARD = "gnu++0x";
				CLANG_CXX_LIBRARY = "libc++";
				CLANG_ENABLE_MODULES = YES;
				CLANG_ENABLE_OBJC_ARC = YES;
				CLANG_WARN_BOOL_CONVERSION = YES;
				CLANG_WARN_CONSTANT_CONVERSION = YES;
				CLANG_WARN_DIRECT_OBJC_ISA_USAGE = YES_ERROR;
				CLANG_WARN_DOCUMENTATION_COMMENTS = YES;
				CLANG_WARN_EMPTY_BODY = YES;
				CLANG_WARN_ENUM_CONVERSION = YES;
				CLANG_WARN_INFINITE_RECURSION = YES;
				CLANG_WARN_INT_CONVERSION = YES;
				CLANG_WARN_OBJC_ROOT_CLASS = YES_ERROR;
				CLANG_WARN_SUSPICIOUS_MOVE = YES;
				CLANG_WARN_UNREACHABLE_CODE = YES;
				CLANG_WARN__DUPLICATE_METHOD_MATCH = YES;
				"CODE_SIGN_IDENTITY[sdk=iphoneos*]" = "iPhone Developer";
				COPY_PHASE_STRIP = NO;
				DEBUG_INFORMATION_FORMAT = dwarf;
				ENABLE_STRICT_OBJC_MSGSEND = YES;
				ENABLE_TESTABILITY = YES;
				GCC_C_LANGUAGE_STANDARD = gnu99;
				GCC_DYNAMIC_NO_PIC = NO;
				GCC_NO_COMMON_BLOCKS = YES;
				GCC_OPTIMIZATION_LEVEL = 0;
				GCC_PREPROCESSOR_DEFINITIONS = (
					"DEBUG=1",
					"$(inherited)",
				);
				GCC_WARN_64_TO_32_BIT_CONVERSION = YES;
				GCC_WARN_ABOUT_RETURN_TYPE = YES_ERROR;
				GCC_WARN_UNDECLARED_SELECTOR = YES;
				GCC_WARN_UNINITIALIZED_AUTOS = YES_AGGRESSIVE;
				GCC_WARN_UNUSED_FUNCTION = YES;
				GCC_WARN_UNUSED_VARIABLE = YES;
				IPHONEOS_DEPLOYMENT_TARGET = 10.2;
				MTL_ENABLE_DEBUG_INFO = YES;
				ONLY_ACTIVE_ARCH = YES;
				SDKROOT = iphoneos;
				TARGETED_DEVICE_FAMILY = "1,2";
			};
			name = Debug;
		};
		33C98B141E2B5EC700F76E34 /* Release */ = {
			isa = XCBuildConfiguration;
			buildSettings = {
				ALWAYS_SEARCH_USER_PATHS = NO;
				CLANG_ANALYZER_NONNULL = YES;
				CLANG_CXX_LANGUAGE_STANDARD = "gnu++0x";
				CLANG_CXX_LIBRARY = "libc++";
				CLANG_ENABLE_MODULES = YES;
				CLANG_ENABLE_OBJC_ARC = YES;
				CLANG_WARN_BOOL_CONVERSION = YES;
				CLANG_WARN_CONSTANT_CONVERSION = YES;
				CLANG_WARN_DIRECT_OBJC_ISA_USAGE = YES_ERROR;
				CLANG_WARN_DOCUMENTATION_COMMENTS = YES;
				CLANG_WARN_EMPTY_BODY = YES;
				CLANG_WARN_ENUM_CONVERSION = YES;
				CLANG_WARN_INFINITE_RECURSION = YES;
				CLANG_WARN_INT_CONVERSION = YES;
				CLANG_WARN_OBJC_ROOT_CLASS = YES_ERROR;
				CLANG_WARN_SUSPICIOUS_MOVE = YES;
				CLANG_WARN_UNREACHABLE_CODE = YES;
				CLANG_WARN__DUPLICATE_METHOD_MATCH = YES;
				"CODE_SIGN_IDENTITY[sdk=iphoneos*]" = "iPhone Developer";
				COPY_PHASE_STRIP = NO;
				DEBUG_INFORMATION_FORMAT = "dwarf-with-dsym";
				ENABLE_NS_ASSERTIONS = NO;
				ENABLE_STRICT_OBJC_MSGSEND = YES;
				GCC_C_LANGUAGE_STANDARD = gnu99;
				GCC_NO_COMMON_BLOCKS = YES;
				GCC_WARN_64_TO_32_BIT_CONVERSION = YES;
				GCC_WARN_ABOUT_RETURN_TYPE = YES_ERROR;
				GCC_WARN_UNDECLARED_SELECTOR = YES;
				GCC_WARN_UNINITIALIZED_AUTOS = YES_AGGRESSIVE;
				GCC_WARN_UNUSED_FUNCTION = YES;
				GCC_WARN_UNUSED_VARIABLE = YES;
				IPHONEOS_DEPLOYMENT_TARGET = 10.2;
				MTL_ENABLE_DEBUG_INFO = NO;
				SDKROOT = iphoneos;
				TARGETED_DEVICE_FAMILY = "1,2";
				VALIDATE_PRODUCT = YES;
			};
			name = Release;
		};
		33C98B161E2B5EC700F76E34 /* Debug */ = {
			isa = XCBuildConfiguration;
			buildSettings = {
				ASSETCATALOG_COMPILER_APPICON_NAME = AppIcon;
				"CODE_SIGN_IDENTITY[sdk=iphoneos*]" = "iPhone Developer";
				DEVELOPMENT_TEAM = 4X78T389EK;
				ENABLE_BITCODE = NO;
				FRAMEWORK_SEARCH_PATHS = (
					"$(inherited)",
					"$(PROJECT_DIR)/Gokit/lib/Modules",
				);
				INFOPLIST_FILE = Gokit/Info.plist;
				IPHONEOS_DEPLOYMENT_TARGET = 8.0;
				LD_RUNPATH_SEARCH_PATHS = "$(inherited) @executable_path/Frameworks";
				LIBRARY_SEARCH_PATHS = (
					"$(inherited)",
					"$(PROJECT_DIR)/Gokit/lib/Engine",
					"$(PROJECT_DIR)/Gokit/lib/Modules",
				);
				OTHER_LDFLAGS = "-ObjC";
				PRODUCT_BUNDLE_IDENTIFIER = com.gizwits;
				PRODUCT_NAME = "$(TARGET_NAME)";
				PROVISIONING_PROFILE = "";
				PROVISIONING_PROFILE_SPECIFIER = "";
			};
			name = Debug;
		};
		33C98B171E2B5EC700F76E34 /* Release */ = {
			isa = XCBuildConfiguration;
			buildSettings = {
				ASSETCATALOG_COMPILER_APPICON_NAME = AppIcon;
				"CODE_SIGN_IDENTITY[sdk=iphoneos*]" = "iPhone Developer";
				DEVELOPMENT_TEAM = 4X78T389EK;
				ENABLE_BITCODE = NO;
				FRAMEWORK_SEARCH_PATHS = (
					"$(inherited)",
					"$(PROJECT_DIR)/Gokit/lib/Modules",
				);
				INFOPLIST_FILE = Gokit/Info.plist;
				IPHONEOS_DEPLOYMENT_TARGET = 8.0;
				LD_RUNPATH_SEARCH_PATHS = "$(inherited) @executable_path/Frameworks";
				LIBRARY_SEARCH_PATHS = (
					"$(inherited)",
					"$(PROJECT_DIR)/Gokit/lib/Engine",
					"$(PROJECT_DIR)/Gokit/lib/Modules",
				);
				OTHER_LDFLAGS = "-ObjC";
				PRODUCT_BUNDLE_IDENTIFIER = com.gizwits;
				PRODUCT_NAME = "$(TARGET_NAME)";
			};
			name = Release;
		};
/* End XCBuildConfiguration section */

/* Begin XCConfigurationList section */
		33C98AF91E2B5EC600F76E34 /* Build configuration list for PBXProject "Gokit" */ = {
			isa = XCConfigurationList;
			buildConfigurations = (
				33C98B131E2B5EC700F76E34 /* Debug */,
				33C98B141E2B5EC700F76E34 /* Release */,
			);
			defaultConfigurationIsVisible = 0;
			defaultConfigurationName = Release;
		};
		33C98B151E2B5EC700F76E34 /* Build configuration list for PBXNativeTarget "Gokit" */ = {
			isa = XCConfigurationList;
			buildConfigurations = (
				33C98B161E2B5EC700F76E34 /* Debug */,
				33C98B171E2B5EC700F76E34 /* Release */,
			);
			defaultConfigurationIsVisible = 0;
			defaultConfigurationName = Release;
		};
/* End XCConfigurationList section */
	};
	rootObject = 33C98AF61E2B5EC600F76E34 /* Project object */;
}
